{
  "name": "cyberpun",
  "version": "1.0.0",
  "lockfileVersion": 1,
  "requires": true,
  "dependencies": {
    "commander": {
      "version": "2.17.0",
      "resolved": "https://registry.npmjs.org/commander/-/commander-2.17.0.tgz",
      "integrity": "sha512-477o1hdVORiFlZxw8wgsXYCef3lh0zl/OV0FTftqiDxJSWw6dPQ2ipS4k20J2qBcsmsmLKSyr2iFrf9e3JGi4w=="
    },
    "lodash.sample": {
      "version": "4.2.1",
      "resolved": "https://registry.npmjs.org/lodash.sample/-/lodash.sample-4.2.1.tgz",
      "integrity": "sha1-XkKRsMdT+hq+sKq4+ynfG2bwf20="
    }
  }
}
